
Microsoft Visual Studio Solution File, Format Version 12.00
# Visual Studio Version 16
VisualStudioVersion = 16.0.30114.105
MinimumVisualStudioVersion = 10.0.40219.1
Project("{FAE04EC0-301F-11D3-BF4B-00C04F79EFBC}") = "ExpenseTracker.Android", "ExpenseTracker.Android\ExpenseTracker.Android.csproj", "{9DD5C209-6C67-47F8-BA90-68784CA62E6A}"
EndProject
Project("{FAE04EC0-301F-11D3-BF4B-00C04F79EFBC}") = "ExpenseTracker", "ExpenseTracker\ExpenseTracker.csproj", "{CD605D99-2616-46FF-90E7-B257D9D30455}"
EndProject
Global
	GlobalSection(SolutionConfigurationPlatforms) = preSolution
		Debug|Any CPU = Debug|Any CPU
		Release|Any CPU = Release|Any CPU
	EndGlobalSection
	GlobalSection(ProjectConfigurationPlatforms) = postSolution
		{9DD5C209-6C67-47F8-BA90-68784CA62E6A}.Debug|Any CPU.ActiveCfg = Debug|Any CPU
		{9DD5C209-6C67-47F8-BA90-68784CA62E6A}.Debug|Any CPU.Build.0 = Debug|Any CPU
		{9DD5C209-6C67-47F8-BA90-68784CA62E6A}.Debug|Any CPU.Deploy.0 = Debug|Any CPU
		{9DD5C209-6C67-47F8-BA90-68784CA62E6A}.Release|Any CPU.ActiveCfg = Release|Any CPU
		{9DD5C209-6C67-47F8-BA90-68784CA62E6A}.Release|Any CPU.Build.0 = Release|Any CPU
		{9DD5C209-6C67-47F8-BA90-68784CA62E6A}.Release|Any CPU.Deploy.0 = Release|Any CPU
		{CD605D99-2616-46FF-90E7-B257D9D30455}.Debug|Any CPU.ActiveCfg = Debug|Any CPU
		{CD605D99-2616-46FF-90E7-B257D9D30455}.Debug|Any CPU.Build.0 = Debug|Any CPU
		{CD605D99-2616-46FF-90E7-B257D9D30455}.Debug|Any CPU.Deploy.0 = Debug|Any CPU
		{CD605D99-2616-46FF-90E7-B257D9D30455}.Release|Any CPU.ActiveCfg = Release|Any CPU
		{CD605D99-2616-46FF-90E7-B257D9D30455}.Release|Any CPU.Build.0 = Release|Any CPU
		{CD605D99-2616-46FF-90E7-B257D9D30455}.Release|Any CPU.Deploy.0 = Release|Any CPU
	EndGlobalSection
	GlobalSection(SolutionProperties) = preSolution
		HideSolutionNode = FALSE
	EndGlobalSection
	GlobalSection(ExtensibilityGlobals) = postSolution
		SolutionGuid = {4854805B-8922-4E45-B077-829C0EAA3027}
	EndGlobalSection
EndGlobal
